{
  "version": 4,
  "terraform_version": "1.15.4",
  "serial": 7,
  "lineage": "c3718c68-128a-3a48-84e9-c26ed98f4159",
  "outputs": {},
  "resources": [
    {
      "mode": "managed",
      "type": "helm_release",
      "name": "envoy_gateway_api",
      "provider": "provider[\"registry.terraform.io/hashicorp/helm\"]",
      "instances": [
        {
          "schema_version": 2,
          "attributes": {
            "atomic": false,
            "chart": "gateway-helm",
            "cleanup_on_fail": false,
            "create_namespace": true,
            "dependency_update": false,
            "description": null,
            "devel": null,
            "disable_crd_hooks": false,
            "disable_openapi_validation": false,
            "disable_webhooks": false,
            "force_update": false,
            "id": "envoy-gateway-api",
            "keyring": null,
            "lint": false,
            "manifest": null,
            "max_history": 0,
            "metadata": {
              "app_version": "v1.9.0",
              "chart": "gateway-helm",
              "first_deployed": 1787658747,
              "last_deployed": 1787658747,
              "name": "envoy-gateway-api",
              "namespace": "envoy-gateway-api",
              "notes": "**************************************************************************\n*** PLEASE BE PATIENT: Envoy Gateway may take a few minutes to install ***\n**************************************************************************\n\nEnvoy Gateway is an open source project for managing Envoy Proxy as a standalone or Kubernetes-based application gateway.\n\nThank you for installing Envoy Gateway! 🎉\n\nYour release is named: envoy-gateway-api. 🎉\n\nYour release is in namespace: envoy-gateway-api. 🎉\n\nTo learn more about the release, try:\n\n  $ helm status envoy-gateway-api -n envoy-gateway-api\n  $ helm get all envoy-gateway-api -n envoy-gateway-api\n\nTo have a quickstart of Envoy Gateway, please refer to https://gateway.envoyproxy.io/latest/tasks/quickstart.\n\nTo get more details, please visit https://gateway.envoyproxy.io and https://github.com/envoyproxy/gateway.\n",
              "revision": 1,
              "values": "{}",
              "version": "v1.9.0"
            },
            "name": "envoy-gateway-api",
            "namespace": "envoy-gateway-api",
            "pass_credentials": false,
            "postrender": null,
            "recreate_pods": false,
            "render_subchart_notes": true,
            "replace": false,
            "repository": "oci://docker.io/envoyproxy",
            "repository_ca_file": null,
            "repository_cert_file": null,
            "repository_key_file": null,
            "repository_password": null,
            "repository_username": null,
            "reset_values": false,
            "resources": null,
            "reuse_values": false,
            "set": null,
            "set_list": null,
            "set_sensitive": null,
            "set_wo": null,
            "set_wo_revision": null,
            "skip_crds": false,
            "status": "deployed",
            "take_ownership": false,
            "timeout": 300,
            "timeouts": null,
            "upgrade_install": false,
            "values": null,
            "verify": false,
            "version": "v1.9.0",
            "wait": true,
            "wait_for_jobs": false
          },
          "sensitive_attributes": [
            [
              {
                "type": "get_attr",
                "value": "repository_password"
              }
            ]
          ],
          "identity_schema_version": 0,
          "identity": {
            "namespace": "envoy-gateway-api",
            "release_name": "envoy-gateway-api"
          }
        }
      ]
    }
  ],
  "check_results": null
}
